
Microsoft Visual Studio Solution File, Format Version 12.00
# Visual Studio Version 17
VisualStudioVersion = 17.2.32602.215
MinimumVisualStudioVersion = 10.0.40219.1
Project("{FAE04EC0-301F-11D3-BF4B-00C04F79EFBC}") = "gui", "gui\gui.csproj", "{F1FA0842-5F5D-4AC3-90A0-CB65A65421F1}"
EndProject
Global
	GlobalSection(SolutionConfigurationPlatforms) = preSolution
		Debug|Any CPU = Debug|Any CPU
		Release|Any CPU = Release|Any CPU
	EndGlobalSection
	GlobalSection(ProjectConfigurationPlatforms) = postSolution
		{F1FA0842-5F5D-4AC3-90A0-CB65A65421F1}.Debug|Any CPU.ActiveCfg = Debug|Any CPU
		{F1FA0842-5F5D-4AC3-90A0-CB65A65421F1}.Debug|Any CPU.Build.0 = Debug|Any CPU
		{F1FA0842-5F5D-4AC3-90A0-CB65A65421F1}.Release|Any CPU.ActiveCfg = Release|Any CPU
		{F1FA0842-5F5D-4AC3-90A0-CB65A65421F1}.Release|Any CPU.Build.0 = Release|Any CPU
	EndGlobalSection
	GlobalSection(SolutionProperties) = preSolution
		HideSolutionNode = FALSE
	EndGlobalSection
	GlobalSection(ExtensibilityGlobals) = postSolution
		SolutionGuid = {98E729F2-58B2-40B2-9584-5C6093FFA9FE}
	EndGlobalSection
EndGlobal
