
Microsoft Visual Studio Solution File, Format Version 12.00
# Visual Studio Version 17
VisualStudioVersion = 17.2.32602.215
MinimumVisualStudioVersion = 10.0.40219.1
Project("{FAE04EC0-301F-11D3-BF4B-00C04F79EFBC}") = "login1", "login1\login1.csproj", "{6328730C-B441-4B14-853D-2B5EF378F22B}"
EndProject
Global
	GlobalSection(SolutionConfigurationPlatforms) = preSolution
		Debug|Any CPU = Debug|Any CPU
		Release|Any CPU = Release|Any CPU
	EndGlobalSection
	GlobalSection(ProjectConfigurationPlatforms) = postSolution
		{6328730C-B441-4B14-853D-2B5EF378F22B}.Debug|Any CPU.ActiveCfg = Debug|Any CPU
		{6328730C-B441-4B14-853D-2B5EF378F22B}.Debug|Any CPU.Build.0 = Debug|Any CPU
		{6328730C-B441-4B14-853D-2B5EF378F22B}.Release|Any CPU.ActiveCfg = Release|Any CPU
		{6328730C-B441-4B14-853D-2B5EF378F22B}.Release|Any CPU.Build.0 = Release|Any CPU
	EndGlobalSection
	GlobalSection(SolutionProperties) = preSolution
		HideSolutionNode = FALSE
	EndGlobalSection
	GlobalSection(ExtensibilityGlobals) = postSolution
		SolutionGuid = {27191338-F1BD-4FB4-AF9F-0FB06462A4B4}
	EndGlobalSection
EndGlobal
